
Microsoft Visual Studio Solution File, Format Version 12.00
# Visual Studio Version 17
VisualStudioVersion = 17.9.34622.214
MinimumVisualStudioVersion = 10.0.40219.1
Project("{FAE04EC0-301F-11D3-BF4B-00C04F79EFBC}") = "WebApiGraPro", "WebApiGraPro\WebApiGraPro.csproj", "{443DE9E5-8C25-4444-B2DF-4BEA8B369FE8}"
EndProject
Project("{E53339B2-1760-4266-BCC7-CA923CBCF16C}") = "docker-compose", "docker-compose.dcproj", "{82075370-6888-42A1-BA4B-6BAC12DEC5BF}"
EndProject
Global
	GlobalSection(SolutionConfigurationPlatforms) = preSolution
		Debug|Any CPU = Debug|Any CPU
		Release|Any CPU = Release|Any CPU
	EndGlobalSection
	GlobalSection(ProjectConfigurationPlatforms) = postSolution
		{443DE9E5-8C25-4444-B2DF-4BEA8B369FE8}.Debug|Any CPU.ActiveCfg = Debug|Any CPU
		{443DE9E5-8C25-4444-B2DF-4BEA8B369FE8}.Debug|Any CPU.Build.0 = Debug|Any CPU
		{443DE9E5-8C25-4444-B2DF-4BEA8B369FE8}.Release|Any CPU.ActiveCfg = Release|Any CPU
		{443DE9E5-8C25-4444-B2DF-4BEA8B369FE8}.Release|Any CPU.Build.0 = Release|Any CPU
		{82075370-6888-42A1-BA4B-6BAC12DEC5BF}.Debug|Any CPU.ActiveCfg = Debug|Any CPU
		{82075370-6888-42A1-BA4B-6BAC12DEC5BF}.Debug|Any CPU.Build.0 = Debug|Any CPU
		{82075370-6888-42A1-BA4B-6BAC12DEC5BF}.Release|Any CPU.ActiveCfg = Release|Any CPU
		{82075370-6888-42A1-BA4B-6BAC12DEC5BF}.Release|Any CPU.Build.0 = Release|Any CPU
	EndGlobalSection
	GlobalSection(SolutionProperties) = preSolution
		HideSolutionNode = FALSE
	EndGlobalSection
	GlobalSection(ExtensibilityGlobals) = postSolution
		SolutionGuid = {DDF420F2-E72E-49F9-AE1C-92B32AD09363}
	EndGlobalSection
EndGlobal
